
Microsoft Visual Studio Solution File, Format Version 12.00
# Visual Studio Version 17
VisualStudioVersion = 17.4.33205.214
MinimumVisualStudioVersion = 10.0.40219.1
Project("{8BC9CEB8-8B4A-11D0-8D11-00A0C91BC942}") = "Control Work 1", "Control Work 1.vcxproj", "{35FC6A0C-731F-404F-8BB4-D893E1C048B5}"
EndProject
Global
	GlobalSection(SolutionConfigurationPlatforms) = preSolution
		Debug|x64 = Debug|x64
		Debug|x86 = Debug|x86
		Release|x64 = Release|x64
		Release|x86 = Release|x86
	EndGlobalSection
	GlobalSection(ProjectConfigurationPlatforms) = postSolution
		{35FC6A0C-731F-404F-8BB4-D893E1C048B5}.Debug|x64.ActiveCfg = Debug|x64
		{35FC6A0C-731F-404F-8BB4-D893E1C048B5}.Debug|x64.Build.0 = Debug|x64
		{35FC6A0C-731F-404F-8BB4-D893E1C048B5}.Debug|x86.ActiveCfg = Debug|Win32
		{35FC6A0C-731F-404F-8BB4-D893E1C048B5}.Debug|x86.Build.0 = Debug|Win32
		{35FC6A0C-731F-404F-8BB4-D893E1C048B5}.Release|x64.ActiveCfg = Release|x64
		{35FC6A0C-731F-404F-8BB4-D893E1C048B5}.Release|x64.Build.0 = Release|x64
		{35FC6A0C-731F-404F-8BB4-D893E1C048B5}.Release|x86.ActiveCfg = Release|Win32
		{35FC6A0C-731F-404F-8BB4-D893E1C048B5}.Release|x86.Build.0 = Release|Win32
	EndGlobalSection
	GlobalSection(SolutionProperties) = preSolution
		HideSolutionNode = FALSE
	EndGlobalSection
	GlobalSection(ExtensibilityGlobals) = postSolution
		SolutionGuid = {A6983E3E-16A5-4DA6-B648-5B41DF54837E}
	EndGlobalSection
EndGlobal
